<Solution>
  <Folder Name="/src/">
    <Project Path="src/AiMeetingAssistant.Application/AiMeetingAssistant.Application.csproj" />
    <Project Path="src/AiMeetingAssistant.Desktop/AiMeetingAssistant.Desktop.csproj" />
    <Project Path="src/AiMeetingAssistant.Domain/AiMeetingAssistant.Domain.csproj" />
    <Project Path="src/AiMeetingAssistant.Infrastructure/AiMeetingAssistant.Infrastructure.csproj" />
  </Folder>
  <Folder Name="/tests/">
    <Project Path="tests/AiMeetingAssistant.Application.UnitTests/AiMeetingAssistant.Application.UnitTests.csproj" />
  </Folder>
</Solution>
